// !$*UTF8*$!
{
	archiveVersion = 1;
	classes = {
	};
	objectVersion = 48;
	objects = {

/* Begin PBXBuildFile section */
		20914BD11F9ED68C00BD7157 /* AppDelegate.swift in Sources */ = {isa = PBXBuildFile; fileRef = 20914BD01F9ED68C00BD7157 /* AppDelegate.swift */; };
		20914BD31F9ED68C00BD7157 /* ViewController.swift in Sources */ = {isa = PBXBuildFile; fileRef = 20914BD21F9ED68C00BD7157 /* ViewController.swift */; };
		20914BD61F9ED68C00BD7157 /* Main.storyboard in Resources */ = {isa = PBXBuildFile; fileRef = 20914BD41F9ED68C00BD7157 /* Main.storyboard */; };
		20914BD81F9ED68C00BD7157 /* Assets.xcassets in Resources */ = {isa = PBXBuildFile; fileRef = 20914BD71F9ED68C00BD7157 /* Assets.xcassets */; };
		20914BDB1F9ED68C00BD7157 /* LaunchScreen.storyboard in Resources */ = {isa = PBXBuildFile; fileRef = 20914BD91F9ED68C00BD7157 /* LaunchScreen.storyboard */; };
/* End PBXBuildFile section */

/* Begin PBXFileReference section */
		20914BCD1F9ED68C00BD7157 /* simple persistance.app */ = {isa = PBXFileReference; explicitFileType = wrapper.application; includeInIndex = 0; path = "simple persistance.app"; sourceTree = BUILT_PRODUCTS_DIR; };
		20914BD01F9ED68C00BD7157 /* AppDelegate.swift */ = {isa = PBXFileReference; lastKnownFileType = sourcecode.swift; path = AppDelegate.swift; sourceTree = "<group>"; };
		20914BD21F9ED68C00BD7157 /* ViewController.swift */ = {isa = PBXFileReference; lastKnownFileType = sourcecode.swift; path = ViewController.swift; sourceTree = "<group>"; };
		20914BD51F9ED68C00BD7157 /* Base */ = {isa = PBXFileReference; lastKnownFileType = file.storyboard; name = Base; path = Base.lproj/Main.storyboard; sourceTree = "<group>"; };
		20914BD71F9ED68C00BD7157 /* Assets.xcassets */ = {isa = PBXFileReference; lastKnownFileType = folder.assetcatalog; path = Assets.xcassets; sourceTree = "<group>"; };
		20914BDA1F9ED68C00BD7157 /* Base */ = {isa = PBXFileReference; lastKnownFileType = file.storyboard; name = Base; path = Base.lproj/LaunchScreen.storyboard; sourceTree = "<group>"; };
		20914BDC1F9ED68C00BD7157 /* Info.plist */ = {isa = PBXFileReference; lastKnownFileType = text.plist.xml; path = Info.plist; sourceTree = "<group>"; };
/* End PBXFileReference section */

/* Begin PBXFrameworksBuildPhase section */
		20914BCA1F9ED68C00BD7157 /* Frameworks */ = {
			isa = PBXFrameworksBuildPhase;
			buildActionMask = 2147483647;
			files = (
			);
			runOnlyForDeploymentPostprocessing = 0;
		};
/* End PBXFrameworksBuildPhase section */

/* Begin PBXGroup section */
		20914BC41F9ED68C00BD7157 = {
			isa = PBXGroup;
			children = (
				20914BCF1F9ED68C00BD7157 /* simple persistance */,
				20914BCE1F9ED68C00BD7157 /* Products */,
			);
			sourceTree = "<group>";
		};
		20914BCE1F9ED68C00BD7157 /* Products */ = {
			isa = PBXGroup;
			children = (
				20914BCD1F9ED68C00BD7157 /* simple persistance.app */,
			);
			name = Products;
			sourceTree = "<group>";
		};
		20914BCF1F9ED68C00BD7157 /* simple persistance */ = {
			isa = PBXGroup;
			children = (
				20914BD01F9ED68C00BD7157 /* AppDelegate.swift */,
				20914BD21F9ED68C00BD7157 /* ViewController.swift */,
				20914BD41F9ED68C00BD7157 /* Main.storyboard */,
				20914BD71F9ED68C00BD7157 /* Assets.xcassets */,
				20914BD91F9ED68C00BD7157 /* LaunchScreen.storyboard */,
				20914BDC1F9ED68C00BD7157 /* Info.plist */,
			);
			path = "simple persistance";
			sourceTree = "<group>";
		};
/* End PBXGroup section */

/* Begin PBXNativeTarget section */
		20914BCC1F9ED68C00BD7157 /* simple persistance */ = {
			isa = PBXNativeTarget;
			buildConfigurationList = 20914BDF1F9ED68C00BD7157 /* Build configuration list for PBXNativeTarget "simple persistance" */;
			buildPhases = (
				20914BC91F9ED68C00BD7157 /* Sources */,
				20914BCA1F9ED68C00BD7157 /* Frameworks */,
				20914BCB1F9ED68C00BD7157 /* Resources */,
			);
			buildRules = (
			);
			dependencies = (
			);
			name = "simple persistance";
			productName = "simple persistance";
			productReference = 20914BCD1F9ED68C00BD7157 /* simple persistance.app */;
			productType = "com.apple.product-type.application";
		};
/* End PBXNativeTarget section */

/* Begin PBXProject section */
		20914BC51F9ED68C00BD7157 /* Project object */ = {
			isa = PBXProject;
			attributes = {
				LastSwiftUpdateCheck = 0900;
				LastUpgradeCheck = 0900;
				ORGANIZATIONNAME = Yveslym;
				TargetAttributes = {
					20914BCC1F9ED68C00BD7157 = {
						CreatedOnToolsVersion = 9.0.1;
						ProvisioningStyle = Automatic;
					};
				};
			};
			buildConfigurationList = 20914BC81F9ED68C00BD7157 /* Build configuration list for PBXProject "simple persistance" */;
			compatibilityVersion = "Xcode 8.0";
			developmentRegion = en;
			hasScannedForEncodings = 0;
			knownRegions = (
				en,
				Base,
			);
			mainGroup = 20914BC41F9ED68C00BD7157;
			productRefGroup = 20914BCE1F9ED68C00BD7157 /* Products */;
			projectDirPath = "";
			projectRoot = "";
			targets = (
				20914BCC1F9ED68C00BD7157 /* simple persistance */,
			);
		};
/* End PBXProject section */

/* Begin PBXResourcesBuildPhase section */
		20914BCB1F9ED68C00BD7157 /* Resources */ = {
			isa = PBXResourcesBuildPhase;
			buildActionMask = 2147483647;
			files = (
				20914BDB1F9ED68C00BD7157 /* LaunchScreen.storyboard in Resources */,
				20914BD81F9ED68C00BD7157 /* Assets.xcassets in Resources */,
				20914BD61F9ED68C00BD7157 /* Main.storyboard in Resources */,
			);
			runOnlyForDeploymentPostprocessing = 0;
		};
/* End PBXResourcesBuildPhase section */

/* Begin PBXSourcesBuildPhase section */
		20914BC91F9ED68C00BD7157 /* Sources */ = {
			isa = PBXSourcesBuildPhase;
			buildActionMask = 2147483647;
			files = (
				20914BD31F9ED68C00BD7157 /* ViewController.swift in Sources */,
				20914BD11F9ED68C00BD7157 /* AppDelegate.swift in Sources */,
			);
			runOnlyForDeploymentPostprocessing = 0;
		};
/* End PBXSourcesBuildPhase section */

/* Begin PBXVariantGroup section */
		20914BD41F9ED68C00BD7157 /* Main.storyboard */ = {
			isa = PBXVariantGroup;
			children = (
				20914BD51F9ED68C00BD7157 /* Base */,
			);
			name = Main.storyboard;
			sourceTree = "<group>";
		};
		20914BD91F9ED68C00BD7157 /* LaunchScreen.storyboard */ = {
			isa = PBXVariantGroup;
			children = (
				20914BDA1F9ED68C00BD7157 /* Base */,
			);
			name = LaunchScreen.storyboard;
			sourceTree = "<group>";
		};
/* End PBXVariantGroup section */

/* Begin XCBuildConfiguration section */
		20914BDD1F9ED68C00BD7157 /* Debug */ = {
			isa = XCBuildConfiguration;
			buildSettings = {
				ALWAYS_SEARCH_USER_PATHS = NO;
				CLANG_ANALYZER_NONNULL = YES;
				CLANG_ANALYZER_NUMBER_OBJECT_CONVERSION = YES_AGGRESSIVE;
				CLANG_CXX_LANGUAGE_STANDARD = "gnu++14";
				CLANG_CXX_LIBRARY = "libc++";
				CLANG_ENABLE_MODULES = YES;
				CLANG_ENABLE_OBJC_ARC = YES;
				CLANG_WARN_BLOCK_CAPTURE_AUTORELEASING = YES;
				CLANG_WARN_BOOL_CONVERSION = YES;
				CLANG_WARN_COMMA = YES;
				CLANG_WARN_CONSTANT_CONVERSION = YES;
				CLANG_WARN_DIRECT_OBJC_ISA_USAGE = YES_ERROR;
				CLANG_WARN_DOCUMENTATION_COMMENTS = YES;
				CLANG_WARN_EMPTY_BODY = YES;
				CLANG_WARN_ENUM_CONVERSION = YES;
				CLANG_WARN_INFINITE_RECURSION = YES;
				CLANG_WARN_INT_CONVERSION = YES;
				CLANG_WARN_NON_LITERAL_NULL_CONVERSION = YES;
				CLANG_WARN_OBJC_LITERAL_CONVERSION = YES;
				CLANG_WARN_OBJC_ROOT_CLASS = YES_ERROR;
				CLANG_WARN_RANGE_LOOP_ANALYSIS = YES;
				CLANG_WARN_STRICT_PROTOTYPES = YES;
				CLANG_WARN_SUSPICIOUS_MOVE = YES;
				CLANG_WARN_UNGUARDED_AVAILABILITY = YES_AGGRESSIVE;
				CLANG_WARN_UNREACHABLE_CODE = YES;
				CLANG_WARN__DUPLICATE_METHOD_MATCH = YES;
				CODE_SIGN_IDENTITY = "iPhone Developer";
				COPY_PHASE_STRIP = NO;
				DEBUG_INFORMATION_FORMAT = dwarf;
				ENABLE_STRICT_OBJC_MSGSEND = YES;
				ENABLE_TESTABILITY = YES;
				GCC_C_LANGUAGE_STANDARD = gnu11;
				GCC_DYNAMIC_NO_PIC = NO;
				GCC_NO_COMMON_BLOCKS = YES;
				GCC_OPTIMIZATION_LEVEL = 0;
				GCC_PREPROCESSOR_DEFINITIONS = (
					"DEBUG=1",
					"$(inherited)",
				);
				GCC_WARN_64_TO_32_BIT_CONVERSION = YES;
				GCC_WARN_ABOUT_RETURN_TYPE = YES_ERROR;
				GCC_WARN_UNDECLARED_SELECTOR = YES;
				GCC_WARN_UNINITIALIZED_AUTOS = YES_AGGRESSIVE;
				GCC_WARN_UNUSED_FUNCTION = YES;
				GCC_WARN_UNUSED_VARIABLE = YES;
				IPHONEOS_DEPLOYMENT_TARGET = 11.0;
				MTL_ENABLE_DEBUG_INFO = YES;
				ONLY_ACTIVE_ARCH = YES;
				SDKROOT = iphoneos;
				SWIFT_ACTIVE_COMPILATION_CONDITIONS = DEBUG;
				SWIFT_OPTIMIZATION_LEVEL = "-Onone";
			};
			name = Debug;
		};
		20914BDE1F9ED68C00BD7157 /* Release */ = {
			isa = XCBuildConfiguration;
			buildSettings = {
				ALWAYS_SEARCH_USER_PATHS = NO;
				CLANG_ANALYZER_NONNULL = YES;
				CLANG_ANALYZER_NUMBER_OBJECT_CONVERSION = YES_AGGRESSIVE;
				CLANG_CXX_LANGUAGE_STANDARD = "gnu++14";
				CLANG_CXX_LIBRARY = "libc++";
				CLANG_ENABLE_MODULES = YES;
				CLANG_ENABLE_OBJC_ARC = YES;
				CLANG_WARN_BLOCK_CAPTURE_AUTORELEASING = YES;
				CLANG_WARN_BOOL_CONVERSION = YES;
				CLANG_WARN_COMMA = YES;
				CLANG_WARN_CONSTANT_CONVERSION = YES;
				CLANG_WARN_DIRECT_OBJC_ISA_USAGE = YES_ERROR;
				CLANG_WARN_DOCUMENTATION_COMMENTS = YES;
				CLANG_WARN_EMPTY_BODY = YES;
				CLANG_WARN_ENUM_CONVERSION = YES;
				CLANG_WARN_INFINITE_RECURSION = YES;
				CLANG_WARN_INT_CONVERSION = YES;
				CLANG_WARN_NON_LITERAL_NULL_CONVERSION = YES;
				CLANG_WARN_OBJC_LITERAL_CONVERSION = YES;
				CLANG_WARN_OBJC_ROOT_CLASS = YES_ERROR;
				CLANG_WARN_RANGE_LOOP_ANALYSIS = YES;
				CLANG_WARN_STRICT_PROTOTYPES = YES;
				CLANG_WARN_SUSPICIOUS_MOVE = YES;
				CLANG_WARN_UNGUARDED_AVAILABILITY = YES_AGGRESSIVE;
				CLANG_WARN_UNREACHABLE_CODE = YES;
				CLANG_WARN__DUPLICATE_METHOD_MATCH = YES;
				CODE_SIGN_IDENTITY = "iPhone Developer";
				COPY_PHASE_STRIP = NO;
				DEBUG_INFORMATION_FORMAT = "dwarf-with-dsym";
				ENABLE_NS_ASSERTIONS = NO;
				ENABLE_STRICT_OBJC_MSGSEND = YES;
				GCC_C_LANGUAGE_STANDARD = gnu11;
				GCC_NO_COMMON_BLOCKS = YES;
				GCC_WARN_64_TO_32_BIT_CONVERSION = YES;
				GCC_WARN_ABOUT_RETURN_TYPE = YES_ERROR;
				GCC_WARN_UNDECLARED_SELECTOR = YES;
				GCC_WARN_UNINITIALIZED_AUTOS = YES_AGGRESSIVE;
				GCC_WARN_UNUSED_FUNCTION = YES;
				GCC_WARN_UNUSED_VARIABLE = YES;
				IPHONEOS_DEPLOYMENT_TARGET = 11.0;
				MTL_ENABLE_DEBUG_INFO = NO;
				SDKROOT = iphoneos;
				SWIFT_OPTIMIZATION_LEVEL = "-Owholemodule";
				VALIDATE_PRODUCT = YES;
			};
			name = Release;
		};
		20914BE01F9ED68C00BD7157 /* Debug */ = {
			isa = XCBuildConfiguration;
			buildSettings = {
				ASSETCATALOG_COMPILER_APPICON_NAME = AppIcon;
				CODE_SIGN_STYLE = Automatic;
				DEVELOPMENT_TEAM = K7R433H2CL;
				INFOPLIST_FILE = "simple persistance/Info.plist";
				LD_RUNPATH_SEARCH_PATHS = "$(inherited) @executable_path/Frameworks";
				PRODUCT_BUNDLE_IDENTIFIER = "yveslym-corp.simple-persistance";
				PRODUCT_NAME = "$(TARGET_NAME)";
				SWIFT_VERSION = 4.0;
				TARGETED_DEVICE_FAMILY = "1,2";
			};
			name = Debug;
		};
		20914BE11F9ED68C00BD7157 /* Release */ = {
			isa = XCBuildConfiguration;
			buildSettings = {
				ASSETCATALOG_COMPILER_APPICON_NAME = AppIcon;
				CODE_SIGN_STYLE = Automatic;
				DEVELOPMENT_TEAM = K7R433H2CL;
				INFOPLIST_FILE = "simple persistance/Info.plist";
				LD_RUNPATH_SEARCH_PATHS = "$(inherited) @executable_path/Frameworks";
				PRODUCT_BUNDLE_IDENTIFIER = "yveslym-corp.simple-persistance";
				PRODUCT_NAME = "$(TARGET_NAME)";
				SWIFT_VERSION = 4.0;
				TARGETED_DEVICE_FAMILY = "1,2";
			};
			name = Release;
		};
/* End XCBuildConfiguration section */

/* Begin XCConfigurationList section */
		20914BC81F9ED68C00BD7157 /* Build configuration list for PBXProject "simple persistance" */ = {
			isa = XCConfigurationList;
			buildConfigurations = (
				20914BDD1F9ED68C00BD7157 /* Debug */,
				20914BDE1F9ED68C00BD7157 /* Release */,
			);
			defaultConfigurationIsVisible = 0;
			defaultConfigurationName = Release;
		};
		20914BDF1F9ED68C00BD7157 /* Build configuration list for PBXNativeTarget "simple persistance" */ = {
			isa = XCConfigurationList;
			buildConfigurations = (
				20914BE01F9ED68C00BD7157 /* Debug */,
				20914BE11F9ED68C00BD7157 /* Release */,
			);
			defaultConfigurationIsVisible = 0;
			defaultConfigurationName = Release;
		};
/* End XCConfigurationList section */
	};
	rootObject = 20914BC51F9ED68C00BD7157 /* Project object */;
}
