// !$*UTF8*$!
{
	archiveVersion = 1;
	classes = {
	};
	objectVersion = 48;
	objects = {

/* Begin PBXBuildFile section */
		20323B041FAD15630099EE0E /* TableViewController.swift in Sources */ = {isa = PBXBuildFile; fileRef = 20323B031FAD15630099EE0E /* TableViewController.swift */; };
		20323B061FAD16050099EE0E /* ImageTableViewCell.swift in Sources */ = {isa = PBXBuildFile; fileRef = 20323B051FAD16050099EE0E /* ImageTableViewCell.swift */; };
		2080A9D61FA9706A007186C7 /* AppDelegate.swift in Sources */ = {isa = PBXBuildFile; fileRef = 2080A9D51FA9706A007186C7 /* AppDelegate.swift */; };
		2080A9D81FA9706A007186C7 /* ViewController.swift in Sources */ = {isa = PBXBuildFile; fileRef = 2080A9D71FA9706A007186C7 /* ViewController.swift */; };
		2080A9DB1FA9706A007186C7 /* Main.storyboard in Resources */ = {isa = PBXBuildFile; fileRef = 2080A9D91FA9706A007186C7 /* Main.storyboard */; };
		2080A9DD1FA9706A007186C7 /* Assets.xcassets in Resources */ = {isa = PBXBuildFile; fileRef = 2080A9DC1FA9706A007186C7 /* Assets.xcassets */; };
		2080A9E01FA9706A007186C7 /* LaunchScreen.storyboard in Resources */ = {isa = PBXBuildFile; fileRef = 2080A9DE1FA9706A007186C7 /* LaunchScreen.storyboard */; };
		2080A9E91FA970A4007186C7 /* Networking.swift in Sources */ = {isa = PBXBuildFile; fileRef = 2080A9E81FA970A4007186C7 /* Networking.swift */; };
		2080A9EC1FA970CB007186C7 /* Document.swift in Sources */ = {isa = PBXBuildFile; fileRef = 2080A9EB1FA970CB007186C7 /* Document.swift */; };
		2080A9EE1FA991B0007186C7 /* Downloader.swift in Sources */ = {isa = PBXBuildFile; fileRef = 2080A9ED1FA991B0007186C7 /* Downloader.swift */; };
		24646A2BE73969A760B22183 /* Pods_file_management_project.framework in Frameworks */ = {isa = PBXBuildFile; fileRef = AB48EC6D76D61EEFE9B8F881 /* Pods_file_management_project.framework */; };
/* End PBXBuildFile section */

/* Begin PBXFileReference section */
		13DD3873EAC5557AD08BC7F2 /* Pods-file-management-project.release.xcconfig */ = {isa = PBXFileReference; includeInIndex = 1; lastKnownFileType = text.xcconfig; name = "Pods-file-management-project.release.xcconfig"; path = "Pods/Target Support Files/Pods-file-management-project/Pods-file-management-project.release.xcconfig"; sourceTree = "<group>"; };
		20323B031FAD15630099EE0E /* TableViewController.swift */ = {isa = PBXFileReference; lastKnownFileType = sourcecode.swift; path = TableViewController.swift; sourceTree = "<group>"; };
		20323B051FAD16050099EE0E /* ImageTableViewCell.swift */ = {isa = PBXFileReference; lastKnownFileType = sourcecode.swift; path = ImageTableViewCell.swift; sourceTree = "<group>"; };
		2080A9D21FA9706A007186C7 /* file-management-project.app */ = {isa = PBXFileReference; explicitFileType = wrapper.application; includeInIndex = 0; path = "file-management-project.app"; sourceTree = BUILT_PRODUCTS_DIR; };
		2080A9D51FA9706A007186C7 /* AppDelegate.swift */ = {isa = PBXFileReference; lastKnownFileType = sourcecode.swift; path = AppDelegate.swift; sourceTree = "<group>"; };
		2080A9D71FA9706A007186C7 /* ViewController.swift */ = {isa = PBXFileReference; lastKnownFileType = sourcecode.swift; path = ViewController.swift; sourceTree = "<group>"; };
		2080A9DA1FA9706A007186C7 /* Base */ = {isa = PBXFileReference; lastKnownFileType = file.storyboard; name = Base; path = Base.lproj/Main.storyboard; sourceTree = "<group>"; };
		2080A9DC1FA9706A007186C7 /* Assets.xcassets */ = {isa = PBXFileReference; lastKnownFileType = folder.assetcatalog; path = Assets.xcassets; sourceTree = "<group>"; };
		2080A9DF1FA9706A007186C7 /* Base */ = {isa = PBXFileReference; lastKnownFileType = file.storyboard; name = Base; path = Base.lproj/LaunchScreen.storyboard; sourceTree = "<group>"; };
		2080A9E11FA9706A007186C7 /* Info.plist */ = {isa = PBXFileReference; lastKnownFileType = text.plist.xml; path = Info.plist; sourceTree = "<group>"; };
		2080A9E81FA970A4007186C7 /* Networking.swift */ = {isa = PBXFileReference; lastKnownFileType = sourcecode.swift; path = Networking.swift; sourceTree = "<group>"; };
		2080A9EB1FA970CB007186C7 /* Document.swift */ = {isa = PBXFileReference; lastKnownFileType = sourcecode.swift; path = Document.swift; sourceTree = "<group>"; };
		2080A9ED1FA991B0007186C7 /* Downloader.swift */ = {isa = PBXFileReference; lastKnownFileType = sourcecode.swift; path = Downloader.swift; sourceTree = "<group>"; };
		7166C757E57A0125F11CE659 /* Pods-file-management-project.debug.xcconfig */ = {isa = PBXFileReference; includeInIndex = 1; lastKnownFileType = text.xcconfig; name = "Pods-file-management-project.debug.xcconfig"; path = "Pods/Target Support Files/Pods-file-management-project/Pods-file-management-project.debug.xcconfig"; sourceTree = "<group>"; };
		AB48EC6D76D61EEFE9B8F881 /* Pods_file_management_project.framework */ = {isa = PBXFileReference; explicitFileType = wrapper.framework; includeInIndex = 0; path = Pods_file_management_project.framework; sourceTree = BUILT_PRODUCTS_DIR; };
/* End PBXFileReference section */

/* Begin PBXFrameworksBuildPhase section */
		2080A9CF1FA9706A007186C7 /* Frameworks */ = {
			isa = PBXFrameworksBuildPhase;
			buildActionMask = 2147483647;
			files = (
				24646A2BE73969A760B22183 /* Pods_file_management_project.framework in Frameworks */,
			);
			runOnlyForDeploymentPostprocessing = 0;
		};
/* End PBXFrameworksBuildPhase section */

/* Begin PBXGroup section */
		0FAB31C491922C0824AAFEF1 /* Pods */ = {
			isa = PBXGroup;
			children = (
				7166C757E57A0125F11CE659 /* Pods-file-management-project.debug.xcconfig */,
				13DD3873EAC5557AD08BC7F2 /* Pods-file-management-project.release.xcconfig */,
			);
			name = Pods;
			sourceTree = "<group>";
		};
		20323B021FAD15370099EE0E /* Controllers */ = {
			isa = PBXGroup;
			children = (
				20323B031FAD15630099EE0E /* TableViewController.swift */,
				20323B051FAD16050099EE0E /* ImageTableViewCell.swift */,
			);
			path = Controllers;
			sourceTree = "<group>";
		};
		2080A9C91FA9706A007186C7 = {
			isa = PBXGroup;
			children = (
				2080A9D41FA9706A007186C7 /* file-management-project */,
				2080A9D31FA9706A007186C7 /* Products */,
				0FAB31C491922C0824AAFEF1 /* Pods */,
				661D154F358259D55E7E837C /* Frameworks */,
			);
			sourceTree = "<group>";
		};
		2080A9D31FA9706A007186C7 /* Products */ = {
			isa = PBXGroup;
			children = (
				2080A9D21FA9706A007186C7 /* file-management-project.app */,
			);
			name = Products;
			sourceTree = "<group>";
		};
		2080A9D41FA9706A007186C7 /* file-management-project */ = {
			isa = PBXGroup;
			children = (
				20323B021FAD15370099EE0E /* Controllers */,
				2080A9EA1FA970B3007186C7 /* Model */,
				2080A9E71FA9708A007186C7 /* Services */,
				2080A9D51FA9706A007186C7 /* AppDelegate.swift */,
				2080A9D71FA9706A007186C7 /* ViewController.swift */,
				2080A9D91FA9706A007186C7 /* Main.storyboard */,
				2080A9DC1FA9706A007186C7 /* Assets.xcassets */,
				2080A9DE1FA9706A007186C7 /* LaunchScreen.storyboard */,
				2080A9E11FA9706A007186C7 /* Info.plist */,
			);
			path = "file-management-project";
			sourceTree = "<group>";
		};
		2080A9E71FA9708A007186C7 /* Services */ = {
			isa = PBXGroup;
			children = (
				2080A9E81FA970A4007186C7 /* Networking.swift */,
				2080A9ED1FA991B0007186C7 /* Downloader.swift */,
			);
			path = Services;
			sourceTree = "<group>";
		};
		2080A9EA1FA970B3007186C7 /* Model */ = {
			isa = PBXGroup;
			children = (
				2080A9EB1FA970CB007186C7 /* Document.swift */,
			);
			path = Model;
			sourceTree = "<group>";
		};
		661D154F358259D55E7E837C /* Frameworks */ = {
			isa = PBXGroup;
			children = (
				AB48EC6D76D61EEFE9B8F881 /* Pods_file_management_project.framework */,
			);
			name = Frameworks;
			sourceTree = "<group>";
		};
/* End PBXGroup section */

/* Begin PBXNativeTarget section */
		2080A9D11FA9706A007186C7 /* file-management-project */ = {
			isa = PBXNativeTarget;
			buildConfigurationList = 2080A9E41FA9706A007186C7 /* Build configuration list for PBXNativeTarget "file-management-project" */;
			buildPhases = (
				808D39B7C3AF7D2604DF55D2 /* [CP] Check Pods Manifest.lock */,
				2080A9CE1FA9706A007186C7 /* Sources */,
				2080A9CF1FA9706A007186C7 /* Frameworks */,
				2080A9D01FA9706A007186C7 /* Resources */,
				B8D3544363E86C842E605BD0 /* [CP] Embed Pods Frameworks */,
				D113BD97FC9E8DB95CDAB313 /* [CP] Copy Pods Resources */,
			);
			buildRules = (
			);
			dependencies = (
			);
			name = "file-management-project";
			productName = "file-management-project";
			productReference = 2080A9D21FA9706A007186C7 /* file-management-project.app */;
			productType = "com.apple.product-type.application";
		};
/* End PBXNativeTarget section */

/* Begin PBXProject section */
		2080A9CA1FA9706A007186C7 /* Project object */ = {
			isa = PBXProject;
			attributes = {
				LastSwiftUpdateCheck = 0900;
				LastUpgradeCheck = 0900;
				ORGANIZATIONNAME = Yveslym;
				TargetAttributes = {
					2080A9D11FA9706A007186C7 = {
						CreatedOnToolsVersion = 9.0.1;
						ProvisioningStyle = Automatic;
					};
				};
			};
			buildConfigurationList = 2080A9CD1FA9706A007186C7 /* Build configuration list for PBXProject "file-management-project" */;
			compatibilityVersion = "Xcode 8.0";
			developmentRegion = en;
			hasScannedForEncodings = 0;
			knownRegions = (
				en,
				Base,
			);
			mainGroup = 2080A9C91FA9706A007186C7;
			productRefGroup = 2080A9D31FA9706A007186C7 /* Products */;
			projectDirPath = "";
			projectRoot = "";
			targets = (
				2080A9D11FA9706A007186C7 /* file-management-project */,
			);
		};
/* End PBXProject section */

/* Begin PBXResourcesBuildPhase section */
		2080A9D01FA9706A007186C7 /* Resources */ = {
			isa = PBXResourcesBuildPhase;
			buildActionMask = 2147483647;
			files = (
				2080A9E01FA9706A007186C7 /* LaunchScreen.storyboard in Resources */,
				2080A9DD1FA9706A007186C7 /* Assets.xcassets in Resources */,
				2080A9DB1FA9706A007186C7 /* Main.storyboard in Resources */,
			);
			runOnlyForDeploymentPostprocessing = 0;
		};
/* End PBXResourcesBuildPhase section */

/* Begin PBXShellScriptBuildPhase section */
		808D39B7C3AF7D2604DF55D2 /* [CP] Check Pods Manifest.lock */ = {
			isa = PBXShellScriptBuildPhase;
			buildActionMask = 2147483647;
			files = (
			);
			inputPaths = (
				"${PODS_PODFILE_DIR_PATH}/Podfile.lock",
				"${PODS_ROOT}/Manifest.lock",
			);
			name = "[CP] Check Pods Manifest.lock";
			outputPaths = (
				"$(DERIVED_FILE_DIR)/Pods-file-management-project-checkManifestLockResult.txt",
			);
			runOnlyForDeploymentPostprocessing = 0;
			shellPath = /bin/sh;
			shellScript = "diff \"${PODS_PODFILE_DIR_PATH}/Podfile.lock\" \"${PODS_ROOT}/Manifest.lock\" > /dev/null\nif [ $? != 0 ] ; then\n    # print error to STDERR\n    echo \"error: The sandbox is not in sync with the Podfile.lock. Run 'pod install' or update your CocoaPods installation.\" >&2\n    exit 1\nfi\n# This output is used by Xcode 'outputs' to avoid re-running this script phase.\necho \"SUCCESS\" > \"${SCRIPT_OUTPUT_FILE_0}\"\n";
			showEnvVarsInLog = 0;
		};
		B8D3544363E86C842E605BD0 /* [CP] Embed Pods Frameworks */ = {
			isa = PBXShellScriptBuildPhase;
			buildActionMask = 2147483647;
			files = (
			);
			inputPaths = (
				"${SRCROOT}/Pods/Target Support Files/Pods-file-management-project/Pods-file-management-project-frameworks.sh",
				"${BUILT_PRODUCTS_DIR}/Zip/Zip.framework",
			);
			name = "[CP] Embed Pods Frameworks";
			outputPaths = (
				"${TARGET_BUILD_DIR}/${FRAMEWORKS_FOLDER_PATH}/Zip.framework",
			);
			runOnlyForDeploymentPostprocessing = 0;
			shellPath = /bin/sh;
			shellScript = "\"${SRCROOT}/Pods/Target Support Files/Pods-file-management-project/Pods-file-management-project-frameworks.sh\"\n";
			showEnvVarsInLog = 0;
		};
		D113BD97FC9E8DB95CDAB313 /* [CP] Copy Pods Resources */ = {
			isa = PBXShellScriptBuildPhase;
			buildActionMask = 2147483647;
			files = (
			);
			inputPaths = (
			);
			name = "[CP] Copy Pods Resources";
			outputPaths = (
			);
			runOnlyForDeploymentPostprocessing = 0;
			shellPath = /bin/sh;
			shellScript = "\"${SRCROOT}/Pods/Target Support Files/Pods-file-management-project/Pods-file-management-project-resources.sh\"\n";
			showEnvVarsInLog = 0;
		};
/* End PBXShellScriptBuildPhase section */

/* Begin PBXSourcesBuildPhase section */
		2080A9CE1FA9706A007186C7 /* Sources */ = {
			isa = PBXSourcesBuildPhase;
			buildActionMask = 2147483647;
			files = (
				20323B061FAD16050099EE0E /* ImageTableViewCell.swift in Sources */,
				2080A9EE1FA991B0007186C7 /* Downloader.swift in Sources */,
				20323B041FAD15630099EE0E /* TableViewController.swift in Sources */,
				2080A9E91FA970A4007186C7 /* Networking.swift in Sources */,
				2080A9EC1FA970CB007186C7 /* Document.swift in Sources */,
				2080A9D81FA9706A007186C7 /* ViewController.swift in Sources */,
				2080A9D61FA9706A007186C7 /* AppDelegate.swift in Sources */,
			);
			runOnlyForDeploymentPostprocessing = 0;
		};
/* End PBXSourcesBuildPhase section */

/* Begin PBXVariantGroup section */
		2080A9D91FA9706A007186C7 /* Main.storyboard */ = {
			isa = PBXVariantGroup;
			children = (
				2080A9DA1FA9706A007186C7 /* Base */,
			);
			name = Main.storyboard;
			sourceTree = "<group>";
		};
		2080A9DE1FA9706A007186C7 /* LaunchScreen.storyboard */ = {
			isa = PBXVariantGroup;
			children = (
				2080A9DF1FA9706A007186C7 /* Base */,
			);
			name = LaunchScreen.storyboard;
			sourceTree = "<group>";
		};
/* End PBXVariantGroup section */

/* Begin XCBuildConfiguration section */
		2080A9E21FA9706A007186C7 /* Debug */ = {
			isa = XCBuildConfiguration;
			buildSettings = {
				ALWAYS_SEARCH_USER_PATHS = NO;
				CLANG_ANALYZER_NONNULL = YES;
				CLANG_ANALYZER_NUMBER_OBJECT_CONVERSION = YES_AGGRESSIVE;
				CLANG_CXX_LANGUAGE_STANDARD = "gnu++14";
				CLANG_CXX_LIBRARY = "libc++";
				CLANG_ENABLE_MODULES = YES;
				CLANG_ENABLE_OBJC_ARC = YES;
				CLANG_WARN_BLOCK_CAPTURE_AUTORELEASING = YES;
				CLANG_WARN_BOOL_CONVERSION = YES;
				CLANG_WARN_COMMA = YES;
				CLANG_WARN_CONSTANT_CONVERSION = YES;
				CLANG_WARN_DIRECT_OBJC_ISA_USAGE = YES_ERROR;
				CLANG_WARN_DOCUMENTATION_COMMENTS = YES;
				CLANG_WARN_EMPTY_BODY = YES;
				CLANG_WARN_ENUM_CONVERSION = YES;
				CLANG_WARN_INFINITE_RECURSION = YES;
				CLANG_WARN_INT_CONVERSION = YES;
				CLANG_WARN_NON_LITERAL_NULL_CONVERSION = YES;
				CLANG_WARN_OBJC_LITERAL_CONVERSION = YES;
				CLANG_WARN_OBJC_ROOT_CLASS = YES_ERROR;
				CLANG_WARN_RANGE_LOOP_ANALYSIS = YES;
				CLANG_WARN_STRICT_PROTOTYPES = YES;
				CLANG_WARN_SUSPICIOUS_MOVE = YES;
				CLANG_WARN_UNGUARDED_AVAILABILITY = YES_AGGRESSIVE;
				CLANG_WARN_UNREACHABLE_CODE = YES;
				CLANG_WARN__DUPLICATE_METHOD_MATCH = YES;
				CODE_SIGN_IDENTITY = "iPhone Developer";
				COPY_PHASE_STRIP = NO;
				DEBUG_INFORMATION_FORMAT = dwarf;
				ENABLE_STRICT_OBJC_MSGSEND = YES;
				ENABLE_TESTABILITY = YES;
				GCC_C_LANGUAGE_STANDARD = gnu11;
				GCC_DYNAMIC_NO_PIC = NO;
				GCC_NO_COMMON_BLOCKS = YES;
				GCC_OPTIMIZATION_LEVEL = 0;
				GCC_PREPROCESSOR_DEFINITIONS = (
					"DEBUG=1",
					"$(inherited)",
				);
				GCC_WARN_64_TO_32_BIT_CONVERSION = YES;
				GCC_WARN_ABOUT_RETURN_TYPE = YES_ERROR;
				GCC_WARN_UNDECLARED_SELECTOR = YES;
				GCC_WARN_UNINITIALIZED_AUTOS = YES_AGGRESSIVE;
				GCC_WARN_UNUSED_FUNCTION = YES;
				GCC_WARN_UNUSED_VARIABLE = YES;
				IPHONEOS_DEPLOYMENT_TARGET = 11.0;
				MTL_ENABLE_DEBUG_INFO = YES;
				ONLY_ACTIVE_ARCH = YES;
				SDKROOT = iphoneos;
				SWIFT_ACTIVE_COMPILATION_CONDITIONS = DEBUG;
				SWIFT_OPTIMIZATION_LEVEL = "-Onone";
			};
			name = Debug;
		};
		2080A9E31FA9706A007186C7 /* Release */ = {
			isa = XCBuildConfiguration;
			buildSettings = {
				ALWAYS_SEARCH_USER_PATHS = NO;
				CLANG_ANALYZER_NONNULL = YES;
				CLANG_ANALYZER_NUMBER_OBJECT_CONVERSION = YES_AGGRESSIVE;
				CLANG_CXX_LANGUAGE_STANDARD = "gnu++14";
				CLANG_CXX_LIBRARY = "libc++";
				CLANG_ENABLE_MODULES = YES;
				CLANG_ENABLE_OBJC_ARC = YES;
				CLANG_WARN_BLOCK_CAPTURE_AUTORELEASING = YES;
				CLANG_WARN_BOOL_CONVERSION = YES;
				CLANG_WARN_COMMA = YES;
				CLANG_WARN_CONSTANT_CONVERSION = YES;
				CLANG_WARN_DIRECT_OBJC_ISA_USAGE = YES_ERROR;
				CLANG_WARN_DOCUMENTATION_COMMENTS = YES;
				CLANG_WARN_EMPTY_BODY = YES;
				CLANG_WARN_ENUM_CONVERSION = YES;
				CLANG_WARN_INFINITE_RECURSION = YES;
				CLANG_WARN_INT_CONVERSION = YES;
				CLANG_WARN_NON_LITERAL_NULL_CONVERSION = YES;
				CLANG_WARN_OBJC_LITERAL_CONVERSION = YES;
				CLANG_WARN_OBJC_ROOT_CLASS = YES_ERROR;
				CLANG_WARN_RANGE_LOOP_ANALYSIS = YES;
				CLANG_WARN_STRICT_PROTOTYPES = YES;
				CLANG_WARN_SUSPICIOUS_MOVE = YES;
				CLANG_WARN_UNGUARDED_AVAILABILITY = YES_AGGRESSIVE;
				CLANG_WARN_UNREACHABLE_CODE = YES;
				CLANG_WARN__DUPLICATE_METHOD_MATCH = YES;
				CODE_SIGN_IDENTITY = "iPhone Developer";
				COPY_PHASE_STRIP = NO;
				DEBUG_INFORMATION_FORMAT = "dwarf-with-dsym";
				ENABLE_NS_ASSERTIONS = NO;
				ENABLE_STRICT_OBJC_MSGSEND = YES;
				GCC_C_LANGUAGE_STANDARD = gnu11;
				GCC_NO_COMMON_BLOCKS = YES;
				GCC_WARN_64_TO_32_BIT_CONVERSION = YES;
				GCC_WARN_ABOUT_RETURN_TYPE = YES_ERROR;
				GCC_WARN_UNDECLARED_SELECTOR = YES;
				GCC_WARN_UNINITIALIZED_AUTOS = YES_AGGRESSIVE;
				GCC_WARN_UNUSED_FUNCTION = YES;
				GCC_WARN_UNUSED_VARIABLE = YES;
				IPHONEOS_DEPLOYMENT_TARGET = 11.0;
				MTL_ENABLE_DEBUG_INFO = NO;
				SDKROOT = iphoneos;
				SWIFT_OPTIMIZATION_LEVEL = "-Owholemodule";
				VALIDATE_PRODUCT = YES;
			};
			name = Release;
		};
		2080A9E51FA9706A007186C7 /* Debug */ = {
			isa = XCBuildConfiguration;
			baseConfigurationReference = 7166C757E57A0125F11CE659 /* Pods-file-management-project.debug.xcconfig */;
			buildSettings = {
				ASSETCATALOG_COMPILER_APPICON_NAME = AppIcon;
				CODE_SIGN_STYLE = Automatic;
				DEVELOPMENT_TEAM = K7R433H2CL;
				INFOPLIST_FILE = "file-management-project/Info.plist";
				LD_RUNPATH_SEARCH_PATHS = "$(inherited) @executable_path/Frameworks";
				PRODUCT_BUNDLE_IDENTIFIER = "yveslym-corp.file-management-project";
				PRODUCT_NAME = "$(TARGET_NAME)";
				SWIFT_VERSION = 4.0;
				TARGETED_DEVICE_FAMILY = "1,2";
			};
			name = Debug;
		};
		2080A9E61FA9706A007186C7 /* Release */ = {
			isa = XCBuildConfiguration;
			baseConfigurationReference = 13DD3873EAC5557AD08BC7F2 /* Pods-file-management-project.release.xcconfig */;
			buildSettings = {
				ASSETCATALOG_COMPILER_APPICON_NAME = AppIcon;
				CODE_SIGN_STYLE = Automatic;
				DEVELOPMENT_TEAM = K7R433H2CL;
				INFOPLIST_FILE = "file-management-project/Info.plist";
				LD_RUNPATH_SEARCH_PATHS = "$(inherited) @executable_path/Frameworks";
				PRODUCT_BUNDLE_IDENTIFIER = "yveslym-corp.file-management-project";
				PRODUCT_NAME = "$(TARGET_NAME)";
				SWIFT_VERSION = 4.0;
				TARGETED_DEVICE_FAMILY = "1,2";
			};
			name = Release;
		};
/* End XCBuildConfiguration section */

/* Begin XCConfigurationList section */
		2080A9CD1FA9706A007186C7 /* Build configuration list for PBXProject "file-management-project" */ = {
			isa = XCConfigurationList;
			buildConfigurations = (
				2080A9E21FA9706A007186C7 /* Debug */,
				2080A9E31FA9706A007186C7 /* Release */,
			);
			defaultConfigurationIsVisible = 0;
			defaultConfigurationName = Release;
		};
		2080A9E41FA9706A007186C7 /* Build configuration list for PBXNativeTarget "file-management-project" */ = {
			isa = XCConfigurationList;
			buildConfigurations = (
				2080A9E51FA9706A007186C7 /* Debug */,
				2080A9E61FA9706A007186C7 /* Release */,
			);
			defaultConfigurationIsVisible = 0;
			defaultConfigurationName = Release;
		};
/* End XCConfigurationList section */
	};
	rootObject = 2080A9CA1FA9706A007186C7 /* Project object */;
}
